// !$*UTF8*$!
{
	archiveVersion = 1;
	classes = {
	};
	objectVersion = 51;
	objects = {

/* Begin PBXBuildFile section */
		236C52A94E241AF65A12F3B1 /* Pods_Flix_FlixUITests.framework in Frameworks */ = {isa = PBXBuildFile; fileRef = 349FDDD266B2BBA146EE75C6 /* Pods_Flix_FlixUITests.framework */; };
		45B03CAAD732117F8E1F21C0 /* Pods_Flix.framework in Frameworks */ = {isa = PBXBuildFile; fileRef = 6F6966BF834965A7690B3778 /* Pods_Flix.framework */; };
		727FB439BC8055F4410C8F09 /* Pods_FlixTests.framework in Frameworks */ = {isa = PBXBuildFile; fileRef = 7FBAFB22003908361D58D239 /* Pods_FlixTests.framework */; };
		FAB722CA235ED3AC00E0FA02 /* MovieDetailsViewController.swift in Sources */ = {isa = PBXBuildFile; fileRef = FAB722C9235ED3AC00E0FA02 /* MovieDetailsViewController.swift */; };
		FAF5402D235A80F300A03D13 /* AppDelegate.swift in Sources */ = {isa = PBXBuildFile; fileRef = FAF5402C235A80F300A03D13 /* AppDelegate.swift */; };
		FAF5402F235A80F300A03D13 /* ViewController.swift in Sources */ = {isa = PBXBuildFile; fileRef = FAF5402E235A80F300A03D13 /* ViewController.swift */; };
		FAF54032235A80F300A03D13 /* Main.storyboard in Resources */ = {isa = PBXBuildFile; fileRef = FAF54030235A80F300A03D13 /* Main.storyboard */; };
		FAF54034235A80F600A03D13 /* Assets.xcassets in Resources */ = {isa = PBXBuildFile; fileRef = FAF54033235A80F600A03D13 /* Assets.xcassets */; };
		FAF54037235A80F600A03D13 /* LaunchScreen.storyboard in Resources */ = {isa = PBXBuildFile; fileRef = FAF54035235A80F600A03D13 /* LaunchScreen.storyboard */; };
		FAF54042235A80F600A03D13 /* FlixTests.swift in Sources */ = {isa = PBXBuildFile; fileRef = FAF54041235A80F600A03D13 /* FlixTests.swift */; };
		FAF5404D235A80F600A03D13 /* FlixUITests.swift in Sources */ = {isa = PBXBuildFile; fileRef = FAF5404C235A80F600A03D13 /* FlixUITests.swift */; };
		FAF5405B235A82BA00A03D13 /* MoviesViewController.swift in Sources */ = {isa = PBXBuildFile; fileRef = FAF5405A235A82BA00A03D13 /* MoviesViewController.swift */; };
		FAF5405D235A950900A03D13 /* MovieCell.swift in Sources */ = {isa = PBXBuildFile; fileRef = FAF5405C235A950900A03D13 /* MovieCell.swift */; };
/* End PBXBuildFile section */

/* Begin PBXContainerItemProxy section */
		FAF5403E235A80F600A03D13 /* PBXContainerItemProxy */ = {
			isa = PBXContainerItemProxy;
			containerPortal = FAF54021235A80F200A03D13 /* Project object */;
			proxyType = 1;
			remoteGlobalIDString = FAF54028235A80F200A03D13;
			remoteInfo = Flix;
		};
		FAF54049235A80F600A03D13 /* PBXContainerItemProxy */ = {
			isa = PBXContainerItemProxy;
			containerPortal = FAF54021235A80F200A03D13 /* Project object */;
			proxyType = 1;
			remoteGlobalIDString = FAF54028235A80F200A03D13;
			remoteInfo = Flix;
		};
/* End PBXContainerItemProxy section */

/* Begin PBXFileReference section */
		349FDDD266B2BBA146EE75C6 /* Pods_Flix_FlixUITests.framework */ = {isa = PBXFileReference; explicitFileType = wrapper.framework; includeInIndex = 0; path = Pods_Flix_FlixUITests.framework; sourceTree = BUILT_PRODUCTS_DIR; };
		6F6966BF834965A7690B3778 /* Pods_Flix.framework */ = {isa = PBXFileReference; explicitFileType = wrapper.framework; includeInIndex = 0; path = Pods_Flix.framework; sourceTree = BUILT_PRODUCTS_DIR; };
		7C3B466193B5F4CFDC9D4DE1 /* Pods-Flix-FlixUITests.release.xcconfig */ = {isa = PBXFileReference; includeInIndex = 1; lastKnownFileType = text.xcconfig; name = "Pods-Flix-FlixUITests.release.xcconfig"; path = "Target Support Files/Pods-Flix-FlixUITests/Pods-Flix-FlixUITests.release.xcconfig"; sourceTree = "<group>"; };
		7FBAFB22003908361D58D239 /* Pods_FlixTests.framework */ = {isa = PBXFileReference; explicitFileType = wrapper.framework; includeInIndex = 0; path = Pods_FlixTests.framework; sourceTree = BUILT_PRODUCTS_DIR; };
		85B9BBFA3B38DEF6615C7915 /* Pods-Flix-FlixUITests.debug.xcconfig */ = {isa = PBXFileReference; includeInIndex = 1; lastKnownFileType = text.xcconfig; name = "Pods-Flix-FlixUITests.debug.xcconfig"; path = "Target Support Files/Pods-Flix-FlixUITests/Pods-Flix-FlixUITests.debug.xcconfig"; sourceTree = "<group>"; };
		A1C52EB1B1B838C27875A2AE /* Pods-FlixTests.release.xcconfig */ = {isa = PBXFileReference; includeInIndex = 1; lastKnownFileType = text.xcconfig; name = "Pods-FlixTests.release.xcconfig"; path = "Target Support Files/Pods-FlixTests/Pods-FlixTests.release.xcconfig"; sourceTree = "<group>"; };
		C7C774B95E253ED6AE37F82D /* Pods-Flix.release.xcconfig */ = {isa = PBXFileReference; includeInIndex = 1; lastKnownFileType = text.xcconfig; name = "Pods-Flix.release.xcconfig"; path = "Target Support Files/Pods-Flix/Pods-Flix.release.xcconfig"; sourceTree = "<group>"; };
		C913A447820A189B8C026973 /* Pods-FlixTests.debug.xcconfig */ = {isa = PBXFileReference; includeInIndex = 1; lastKnownFileType = text.xcconfig; name = "Pods-FlixTests.debug.xcconfig"; path = "Target Support Files/Pods-FlixTests/Pods-FlixTests.debug.xcconfig"; sourceTree = "<group>"; };
		C98B6DF7C831E0246A1D0D0F /* Pods-Flix.debug.xcconfig */ = {isa = PBXFileReference; includeInIndex = 1; lastKnownFileType = text.xcconfig; name = "Pods-Flix.debug.xcconfig"; path = "Target Support Files/Pods-Flix/Pods-Flix.debug.xcconfig"; sourceTree = "<group>"; };
		FAB722C9235ED3AC00E0FA02 /* MovieDetailsViewController.swift */ = {isa = PBXFileReference; lastKnownFileType = sourcecode.swift; path = MovieDetailsViewController.swift; sourceTree = "<group>"; };
		FAF54029235A80F300A03D13 /* Flix.app */ = {isa = PBXFileReference; explicitFileType = wrapper.application; includeInIndex = 0; path = Flix.app; sourceTree = BUILT_PRODUCTS_DIR; };
		FAF5402C235A80F300A03D13 /* AppDelegate.swift */ = {isa = PBXFileReference; lastKnownFileType = sourcecode.swift; path = AppDelegate.swift; sourceTree = "<group>"; };
		FAF5402E235A80F300A03D13 /* ViewController.swift */ = {isa = PBXFileReference; lastKnownFileType = sourcecode.swift; path = ViewController.swift; sourceTree = "<group>"; };
		FAF54031235A80F300A03D13 /* Base */ = {isa = PBXFileReference; lastKnownFileType = file.storyboard; name = Base; path = Base.lproj/Main.storyboard; sourceTree = "<group>"; };
		FAF54033235A80F600A03D13 /* Assets.xcassets */ = {isa = PBXFileReference; lastKnownFileType = folder.assetcatalog; path = Assets.xcassets; sourceTree = "<group>"; };
		FAF54036235A80F600A03D13 /* Base */ = {isa = PBXFileReference; lastKnownFileType = file.storyboard; name = Base; path = Base.lproj/LaunchScreen.storyboard; sourceTree = "<group>"; };
		FAF54038235A80F600A03D13 /* Info.plist */ = {isa = PBXFileReference; lastKnownFileType = text.plist.xml; path = Info.plist; sourceTree = "<group>"; };
		FAF5403D235A80F600A03D13 /* FlixTests.xctest */ = {isa = PBXFileReference; explicitFileType = wrapper.cfbundle; includeInIndex = 0; path = FlixTests.xctest; sourceTree = BUILT_PRODUCTS_DIR; };
		FAF54041235A80F600A03D13 /* FlixTests.swift */ = {isa = PBXFileReference; lastKnownFileType = sourcecode.swift; path = FlixTests.swift; sourceTree = "<group>"; };
		FAF54043235A80F600A03D13 /* Info.plist */ = {isa = PBXFileReference; lastKnownFileType = text.plist.xml; path = Info.plist; sourceTree = "<group>"; };
		FAF54048235A80F600A03D13 /* FlixUITests.xctest */ = {isa = PBXFileReference; explicitFileType = wrapper.cfbundle; includeInIndex = 0; path = FlixUITests.xctest; sourceTree = BUILT_PRODUCTS_DIR; };
		FAF5404C235A80F600A03D13 /* FlixUITests.swift */ = {isa = PBXFileReference; lastKnownFileType = sourcecode.swift; path = FlixUITests.swift; sourceTree = "<group>"; };
		FAF5404E235A80F600A03D13 /* Info.plist */ = {isa = PBXFileReference; lastKnownFileType = text.plist.xml; path = Info.plist; sourceTree = "<group>"; };
		FAF5405A235A82BA00A03D13 /* MoviesViewController.swift */ = {isa = PBXFileReference; lastKnownFileType = sourcecode.swift; path = MoviesViewController.swift; sourceTree = "<group>"; };
		FAF5405C235A950900A03D13 /* MovieCell.swift */ = {isa = PBXFileReference; lastKnownFileType = sourcecode.swift; path = MovieCell.swift; sourceTree = "<group>"; };
/* End PBXFileReference section */

/* Begin PBXFrameworksBuildPhase section */
		FAF54026235A80F200A03D13 /* Frameworks */ = {
			isa = PBXFrameworksBuildPhase;
			buildActionMask = 2147483647;
			files = (
				45B03CAAD732117F8E1F21C0 /* Pods_Flix.framework in Frameworks */,
			);
			runOnlyForDeploymentPostprocessing = 0;
		};
		FAF5403A235A80F600A03D13 /* Frameworks */ = {
			isa = PBXFrameworksBuildPhase;
			buildActionMask = 2147483647;
			files = (
				727FB439BC8055F4410C8F09 /* Pods_FlixTests.framework in Frameworks */,
			);
			runOnlyForDeploymentPostprocessing = 0;
		};
		FAF54045235A80F600A03D13 /* Frameworks */ = {
			isa = PBXFrameworksBuildPhase;
			buildActionMask = 2147483647;
			files = (
				236C52A94E241AF65A12F3B1 /* Pods_Flix_FlixUITests.framework in Frameworks */,
			);
			runOnlyForDeploymentPostprocessing = 0;
		};
/* End PBXFrameworksBuildPhase section */

/* Begin PBXGroup section */
		5FE9476F5897CBADB1A71F13 /* Pods */ = {
			isa = PBXGroup;
			children = (
				C98B6DF7C831E0246A1D0D0F /* Pods-Flix.debug.xcconfig */,
				C7C774B95E253ED6AE37F82D /* Pods-Flix.release.xcconfig */,
				85B9BBFA3B38DEF6615C7915 /* Pods-Flix-FlixUITests.debug.xcconfig */,
				7C3B466193B5F4CFDC9D4DE1 /* Pods-Flix-FlixUITests.release.xcconfig */,
				C913A447820A189B8C026973 /* Pods-FlixTests.debug.xcconfig */,
				A1C52EB1B1B838C27875A2AE /* Pods-FlixTests.release.xcconfig */,
			);
			path = Pods;
			sourceTree = "<group>";
		};
		FA97EBEF9C7BED805027113E /* Frameworks */ = {
			isa = PBXGroup;
			children = (
				6F6966BF834965A7690B3778 /* Pods_Flix.framework */,
				349FDDD266B2BBA146EE75C6 /* Pods_Flix_FlixUITests.framework */,
				7FBAFB22003908361D58D239 /* Pods_FlixTests.framework */,
			);
			name = Frameworks;
			sourceTree = "<group>";
		};
		FAF54020235A80F200A03D13 = {
			isa = PBXGroup;
			children = (
				FAF5402B235A80F300A03D13 /* Flix */,
				FAF54040235A80F600A03D13 /* FlixTests */,
				FAF5404B235A80F600A03D13 /* FlixUITests */,
				FAF5402A235A80F300A03D13 /* Products */,
				5FE9476F5897CBADB1A71F13 /* Pods */,
				FA97EBEF9C7BED805027113E /* Frameworks */,
			);
			sourceTree = "<group>";
		};
		FAF5402A235A80F300A03D13 /* Products */ = {
			isa = PBXGroup;
			children = (
				FAF54029235A80F300A03D13 /* Flix.app */,
				FAF5403D235A80F600A03D13 /* FlixTests.xctest */,
				FAF54048235A80F600A03D13 /* FlixUITests.xctest */,
			);
			name = Products;
			sourceTree = "<group>";
		};
		FAF5402B235A80F300A03D13 /* Flix */ = {
			isa = PBXGroup;
			children = (
				FAF5402C235A80F300A03D13 /* AppDelegate.swift */,
				FAF5402E235A80F300A03D13 /* ViewController.swift */,
				FAF54030235A80F300A03D13 /* Main.storyboard */,
				FAB722C9235ED3AC00E0FA02 /* MovieDetailsViewController.swift */,
				FAF5405C235A950900A03D13 /* MovieCell.swift */,
				FAF5405A235A82BA00A03D13 /* MoviesViewController.swift */,
				FAF54033235A80F600A03D13 /* Assets.xcassets */,
				FAF54035235A80F600A03D13 /* LaunchScreen.storyboard */,
				FAF54038235A80F600A03D13 /* Info.plist */,
			);
			path = Flix;
			sourceTree = "<group>";
		};
		FAF54040235A80F600A03D13 /* FlixTests */ = {
			isa = PBXGroup;
			children = (
				FAF54041235A80F600A03D13 /* FlixTests.swift */,
				FAF54043235A80F600A03D13 /* Info.plist */,
			);
			path = FlixTests;
			sourceTree = "<group>";
		};
		FAF5404B235A80F600A03D13 /* FlixUITests */ = {
			isa = PBXGroup;
			children = (
				FAF5404C235A80F600A03D13 /* FlixUITests.swift */,
				FAF5404E235A80F600A03D13 /* Info.plist */,
			);
			path = FlixUITests;
			sourceTree = "<group>";
		};
/* End PBXGroup section */

/* Begin PBXNativeTarget section */
		FAF54028235A80F200A03D13 /* Flix */ = {
			isa = PBXNativeTarget;
			buildConfigurationList = FAF54051235A80F600A03D13 /* Build configuration list for PBXNativeTarget "Flix" */;
			buildPhases = (
				8F4F0DB265EB5BB7B62FC3C2 /* [CP] Check Pods Manifest.lock */,
				FAF54025235A80F200A03D13 /* Sources */,
				FAF54026235A80F200A03D13 /* Frameworks */,
				FAF54027235A80F200A03D13 /* Resources */,
				81F90405E851A32114F2113C /* [CP] Embed Pods Frameworks */,
			);
			buildRules = (
			);
			dependencies = (
			);
			name = Flix;
			productName = Flix;
			productReference = FAF54029235A80F300A03D13 /* Flix.app */;
			productType = "com.apple.product-type.application";
		};
		FAF5403C235A80F600A03D13 /* FlixTests */ = {
			isa = PBXNativeTarget;
			buildConfigurationList = FAF54054235A80F600A03D13 /* Build configuration list for PBXNativeTarget "FlixTests" */;
			buildPhases = (
				B46AC22ECF0970054DF2BE88 /* [CP] Check Pods Manifest.lock */,
				FAF54039235A80F600A03D13 /* Sources */,
				FAF5403A235A80F600A03D13 /* Frameworks */,
				FAF5403B235A80F600A03D13 /* Resources */,
			);
			buildRules = (
			);
			dependencies = (
				FAF5403F235A80F600A03D13 /* PBXTargetDependency */,
			);
			name = FlixTests;
			productName = FlixTests;
			productReference = FAF5403D235A80F600A03D13 /* FlixTests.xctest */;
			productType = "com.apple.product-type.bundle.unit-test";
		};
		FAF54047235A80F600A03D13 /* FlixUITests */ = {
			isa = PBXNativeTarget;
			buildConfigurationList = FAF54057235A80F600A03D13 /* Build configuration list for PBXNativeTarget "FlixUITests" */;
			buildPhases = (
				6F30A09FF71A60496030F97C /* [CP] Check Pods Manifest.lock */,
				FAF54044235A80F600A03D13 /* Sources */,
				FAF54045235A80F600A03D13 /* Frameworks */,
				FAF54046235A80F600A03D13 /* Resources */,
				91FF0C4F07E09DCA66CEDF75 /* [CP] Embed Pods Frameworks */,
			);
			buildRules = (
			);
			dependencies = (
				FAF5404A235A80F600A03D13 /* PBXTargetDependency */,
			);
			name = FlixUITests;
			productName = FlixUITests;
			productReference = FAF54048235A80F600A03D13 /* FlixUITests.xctest */;
			productType = "com.apple.product-type.bundle.ui-testing";
		};
/* End PBXNativeTarget section */

/* Begin PBXProject section */
		FAF54021235A80F200A03D13 /* Project object */ = {
			isa = PBXProject;
			attributes = {
				LastSwiftUpdateCheck = 1030;
				LastUpgradeCheck = 1030;
				ORGANIZATIONNAME = "Miko James";
				TargetAttributes = {
					FAF54028235A80F200A03D13 = {
						CreatedOnToolsVersion = 10.3;
					};
					FAF5403C235A80F600A03D13 = {
						CreatedOnToolsVersion = 10.3;
						TestTargetID = FAF54028235A80F200A03D13;
					};
					FAF54047235A80F600A03D13 = {
						CreatedOnToolsVersion = 10.3;
						TestTargetID = FAF54028235A80F200A03D13;
					};
				};
			};
			buildConfigurationList = FAF54024235A80F200A03D13 /* Build configuration list for PBXProject "Flix" */;
			compatibilityVersion = "Xcode 9.3";
			developmentRegion = en;
			hasScannedForEncodings = 0;
			knownRegions = (
				en,
				Base,
			);
			mainGroup = FAF54020235A80F200A03D13;
			productRefGroup = FAF5402A235A80F300A03D13 /* Products */;
			projectDirPath = "";
			projectRoot = "";
			targets = (
				FAF54028235A80F200A03D13 /* Flix */,
				FAF5403C235A80F600A03D13 /* FlixTests */,
				FAF54047235A80F600A03D13 /* FlixUITests */,
			);
		};
/* End PBXProject section */

/* Begin PBXResourcesBuildPhase section */
		FAF54027235A80F200A03D13 /* Resources */ = {
			isa = PBXResourcesBuildPhase;
			buildActionMask = 2147483647;
			files = (
				FAF54037235A80F600A03D13 /* LaunchScreen.storyboard in Resources */,
				FAF54034235A80F600A03D13 /* Assets.xcassets in Resources */,
				FAF54032235A80F300A03D13 /* Main.storyboard in Resources */,
			);
			runOnlyForDeploymentPostprocessing = 0;
		};
		FAF5403B235A80F600A03D13 /* Resources */ = {
			isa = PBXResourcesBuildPhase;
			buildActionMask = 2147483647;
			files = (
			);
			runOnlyForDeploymentPostprocessing = 0;
		};
		FAF54046235A80F600A03D13 /* Resources */ = {
			isa = PBXResourcesBuildPhase;
			buildActionMask = 2147483647;
			files = (
			);
			runOnlyForDeploymentPostprocessing = 0;
		};
/* End PBXResourcesBuildPhase section */

/* Begin PBXShellScriptBuildPhase section */
		6F30A09FF71A60496030F97C /* [CP] Check Pods Manifest.lock */ = {
			isa = PBXShellScriptBuildPhase;
			buildActionMask = 2147483647;
			files = (
			);
			inputFileListPaths = (
			);
			inputPaths = (
				"${PODS_PODFILE_DIR_PATH}/Podfile.lock",
				"${PODS_ROOT}/Manifest.lock",
			);
			name = "[CP] Check Pods Manifest.lock";
			outputFileListPaths = (
			);
			outputPaths = (
				"$(DERIVED_FILE_DIR)/Pods-Flix-FlixUITests-checkManifestLockResult.txt",
			);
			runOnlyForDeploymentPostprocessing = 0;
			shellPath = /bin/sh;
			shellScript = "diff \"${PODS_PODFILE_DIR_PATH}/Podfile.lock\" \"${PODS_ROOT}/Manifest.lock\" > /dev/null\nif [ $? != 0 ] ; then\n    # print error to STDERR\n    echo \"error: The sandbox is not in sync with the Podfile.lock. Run 'pod install' or update your CocoaPods installation.\" >&2\n    exit 1\nfi\n# This output is used by Xcode 'outputs' to avoid re-running this script phase.\necho \"SUCCESS\" > \"${SCRIPT_OUTPUT_FILE_0}\"\n";
			showEnvVarsInLog = 0;
		};
		81F90405E851A32114F2113C /* [CP] Embed Pods Frameworks */ = {
			isa = PBXShellScriptBuildPhase;
			buildActionMask = 2147483647;
			files = (
			);
			inputFileListPaths = (
				"${PODS_ROOT}/Target Support Files/Pods-Flix/Pods-Flix-frameworks-${CONFIGURATION}-input-files.xcfilelist",
			);
			name = "[CP] Embed Pods Frameworks";
			outputFileListPaths = (
				"${PODS_ROOT}/Target Support Files/Pods-Flix/Pods-Flix-frameworks-${CONFIGURATION}-output-files.xcfilelist",
			);
			runOnlyForDeploymentPostprocessing = 0;
			shellPath = /bin/sh;
			shellScript = "\"${PODS_ROOT}/Target Support Files/Pods-Flix/Pods-Flix-frameworks.sh\"\n";
			showEnvVarsInLog = 0;
		};
		8F4F0DB265EB5BB7B62FC3C2 /* [CP] Check Pods Manifest.lock */ = {
			isa = PBXShellScriptBuildPhase;
			buildActionMask = 2147483647;
			files = (
			);
			inputFileListPaths = (
			);
			inputPaths = (
				"${PODS_PODFILE_DIR_PATH}/Podfile.lock",
				"${PODS_ROOT}/Manifest.lock",
			);
			name = "[CP] Check Pods Manifest.lock";
			outputFileListPaths = (
			);
			outputPaths = (
				"$(DERIVED_FILE_DIR)/Pods-Flix-checkManifestLockResult.txt",
			);
			runOnlyForDeploymentPostprocessing = 0;
			shellPath = /bin/sh;
			shellScript = "diff \"${PODS_PODFILE_DIR_PATH}/Podfile.lock\" \"${PODS_ROOT}/Manifest.lock\" > /dev/null\nif [ $? != 0 ] ; then\n    # print error to STDERR\n    echo \"error: The sandbox is not in sync with the Podfile.lock. Run 'pod install' or update your CocoaPods installation.\" >&2\n    exit 1\nfi\n# This output is used by Xcode 'outputs' to avoid re-running this script phase.\necho \"SUCCESS\" > \"${SCRIPT_OUTPUT_FILE_0}\"\n";
			showEnvVarsInLog = 0;
		};
		91FF0C4F07E09DCA66CEDF75 /* [CP] Embed Pods Frameworks */ = {
			isa = PBXShellScriptBuildPhase;
			buildActionMask = 2147483647;
			files = (
			);
			inputFileListPaths = (
				"${PODS_ROOT}/Target Support Files/Pods-Flix-FlixUITests/Pods-Flix-FlixUITests-frameworks-${CONFIGURATION}-input-files.xcfilelist",
			);
			name = "[CP] Embed Pods Frameworks";
			outputFileListPaths = (
				"${PODS_ROOT}/Target Support Files/Pods-Flix-FlixUITests/Pods-Flix-FlixUITests-frameworks-${CONFIGURATION}-output-files.xcfilelist",
			);
			runOnlyForDeploymentPostprocessing = 0;
			shellPath = /bin/sh;
			shellScript = "\"${PODS_ROOT}/Target Support Files/Pods-Flix-FlixUITests/Pods-Flix-FlixUITests-frameworks.sh\"\n";
			showEnvVarsInLog = 0;
		};
		B46AC22ECF0970054DF2BE88 /* [CP] Check Pods Manifest.lock */ = {
			isa = PBXShellScriptBuildPhase;
			buildActionMask = 2147483647;
			files = (
			);
			inputFileListPaths = (
			);
			inputPaths = (
				"${PODS_PODFILE_DIR_PATH}/Podfile.lock",
				"${PODS_ROOT}/Manifest.lock",
			);
			name = "[CP] Check Pods Manifest.lock";
			outputFileListPaths = (
			);
			outputPaths = (
				"$(DERIVED_FILE_DIR)/Pods-FlixTests-checkManifestLockResult.txt",
			);
			runOnlyForDeploymentPostprocessing = 0;
			shellPath = /bin/sh;
			shellScript = "diff \"${PODS_PODFILE_DIR_PATH}/Podfile.lock\" \"${PODS_ROOT}/Manifest.lock\" > /dev/null\nif [ $? != 0 ] ; then\n    # print error to STDERR\n    echo \"error: The sandbox is not in sync with the Podfile.lock. Run 'pod install' or update your CocoaPods installation.\" >&2\n    exit 1\nfi\n# This output is used by Xcode 'outputs' to avoid re-running this script phase.\necho \"SUCCESS\" > \"${SCRIPT_OUTPUT_FILE_0}\"\n";
			showEnvVarsInLog = 0;
		};
/* End PBXShellScriptBuildPhase section */

/* Begin PBXSourcesBuildPhase section */
		FAF54025235A80F200A03D13 /* Sources */ = {
			isa = PBXSourcesBuildPhase;
			buildActionMask = 2147483647;
			files = (
				FAB722CA235ED3AC00E0FA02 /* MovieDetailsViewController.swift in Sources */,
				FAF5402F235A80F300A03D13 /* ViewController.swift in Sources */,
				FAF5402D235A80F300A03D13 /* AppDelegate.swift in Sources */,
				FAF5405D235A950900A03D13 /* MovieCell.swift in Sources */,
				FAF5405B235A82BA00A03D13 /* MoviesViewController.swift in Sources */,
			);
			runOnlyForDeploymentPostprocessing = 0;
		};
		FAF54039235A80F600A03D13 /* Sources */ = {
			isa = PBXSourcesBuildPhase;
			buildActionMask = 2147483647;
			files = (
				FAF54042235A80F600A03D13 /* FlixTests.swift in Sources */,
			);
			runOnlyForDeploymentPostprocessing = 0;
		};
		FAF54044235A80F600A03D13 /* Sources */ = {
			isa = PBXSourcesBuildPhase;
			buildActionMask = 2147483647;
			files = (
				FAF5404D235A80F600A03D13 /* FlixUITests.swift in Sources */,
			);
			runOnlyForDeploymentPostprocessing = 0;
		};
/* End PBXSourcesBuildPhase section */

/* Begin PBXTargetDependency section */
		FAF5403F235A80F600A03D13 /* PBXTargetDependency */ = {
			isa = PBXTargetDependency;
			target = FAF54028235A80F200A03D13 /* Flix */;
			targetProxy = FAF5403E235A80F600A03D13 /* PBXContainerItemProxy */;
		};
		FAF5404A235A80F600A03D13 /* PBXTargetDependency */ = {
			isa = PBXTargetDependency;
			target = FAF54028235A80F200A03D13 /* Flix */;
			targetProxy = FAF54049235A80F600A03D13 /* PBXContainerItemProxy */;
		};
/* End PBXTargetDependency section */

/* Begin PBXVariantGroup section */
		FAF54030235A80F300A03D13 /* Main.storyboard */ = {
			isa = PBXVariantGroup;
			children = (
				FAF54031235A80F300A03D13 /* Base */,
			);
			name = Main.storyboard;
			sourceTree = "<group>";
		};
		FAF54035235A80F600A03D13 /* LaunchScreen.storyboard */ = {
			isa = PBXVariantGroup;
			children = (
				FAF54036235A80F600A03D13 /* Base */,
			);
			name = LaunchScreen.storyboard;
			sourceTree = "<group>";
		};
/* End PBXVariantGroup section */

/* Begin XCBuildConfiguration section */
		FAF5404F235A80F600A03D13 /* Debug */ = {
			isa = XCBuildConfiguration;
			buildSettings = {
				ALWAYS_SEARCH_USER_PATHS = NO;
				CLANG_ANALYZER_NONNULL = YES;
				CLANG_ANALYZER_NUMBER_OBJECT_CONVERSION = YES_AGGRESSIVE;
				CLANG_CXX_LANGUAGE_STANDARD = "gnu++14";
				CLANG_CXX_LIBRARY = "libc++";
				CLANG_ENABLE_MODULES = YES;
				CLANG_ENABLE_OBJC_ARC = YES;
				CLANG_ENABLE_OBJC_WEAK = YES;
				CLANG_WARN_BLOCK_CAPTURE_AUTORELEASING = YES;
				CLANG_WARN_BOOL_CONVERSION = YES;
				CLANG_WARN_COMMA = YES;
				CLANG_WARN_CONSTANT_CONVERSION = YES;
				CLANG_WARN_DEPRECATED_OBJC_IMPLEMENTATIONS = YES;
				CLANG_WARN_DIRECT_OBJC_ISA_USAGE = YES_ERROR;
				CLANG_WARN_DOCUMENTATION_COMMENTS = YES;
				CLANG_WARN_EMPTY_BODY = YES;
				CLANG_WARN_ENUM_CONVERSION = YES;
				CLANG_WARN_INFINITE_RECURSION = YES;
				CLANG_WARN_INT_CONVERSION = YES;
				CLANG_WARN_NON_LITERAL_NULL_CONVERSION = YES;
				CLANG_WARN_OBJC_IMPLICIT_RETAIN_SELF = YES;
				CLANG_WARN_OBJC_LITERAL_CONVERSION = YES;
				CLANG_WARN_OBJC_ROOT_CLASS = YES_ERROR;
				CLANG_WARN_RANGE_LOOP_ANALYSIS = YES;
				CLANG_WARN_STRICT_PROTOTYPES = YES;
				CLANG_WARN_SUSPICIOUS_MOVE = YES;
				CLANG_WARN_UNGUARDED_AVAILABILITY = YES_AGGRESSIVE;
				CLANG_WARN_UNREACHABLE_CODE = YES;
				CLANG_WARN__DUPLICATE_METHOD_MATCH = YES;
				CODE_SIGN_IDENTITY = "iPhone Developer";
				COPY_PHASE_STRIP = NO;
				DEBUG_INFORMATION_FORMAT = dwarf;
				ENABLE_STRICT_OBJC_MSGSEND = YES;
				ENABLE_TESTABILITY = YES;
				GCC_C_LANGUAGE_STANDARD = gnu11;
				GCC_DYNAMIC_NO_PIC = NO;
				GCC_NO_COMMON_BLOCKS = YES;
				GCC_OPTIMIZATION_LEVEL = 0;
				GCC_PREPROCESSOR_DEFINITIONS = (
					"DEBUG=1",
					"$(inherited)",
				);
				GCC_WARN_64_TO_32_BIT_CONVERSION = YES;
				GCC_WARN_ABOUT_RETURN_TYPE = YES_ERROR;
				GCC_WARN_UNDECLARED_SELECTOR = YES;
				GCC_WARN_UNINITIALIZED_AUTOS = YES_AGGRESSIVE;
				GCC_WARN_UNUSED_FUNCTION = YES;
				GCC_WARN_UNUSED_VARIABLE = YES;
				IPHONEOS_DEPLOYMENT_TARGET = 12.4;
				MTL_ENABLE_DEBUG_INFO = INCLUDE_SOURCE;
				MTL_FAST_MATH = YES;
				ONLY_ACTIVE_ARCH = YES;
				SDKROOT = iphoneos;
				SWIFT_ACTIVE_COMPILATION_CONDITIONS = DEBUG;
				SWIFT_OPTIMIZATION_LEVEL = "-Onone";
			};
			name = Debug;
		};
		FAF54050235A80F600A03D13 /* Release */ = {
			isa = XCBuildConfiguration;
			buildSettings = {
				ALWAYS_SEARCH_USER_PATHS = NO;
				CLANG_ANALYZER_NONNULL = YES;
				CLANG_ANALYZER_NUMBER_OBJECT_CONVERSION = YES_AGGRESSIVE;
				CLANG_CXX_LANGUAGE_STANDARD = "gnu++14";
				CLANG_CXX_LIBRARY = "libc++";
				CLANG_ENABLE_MODULES = YES;
				CLANG_ENABLE_OBJC_ARC = YES;
				CLANG_ENABLE_OBJC_WEAK = YES;
				CLANG_WARN_BLOCK_CAPTURE_AUTORELEASING = YES;
				CLANG_WARN_BOOL_CONVERSION = YES;
				CLANG_WARN_COMMA = YES;
				CLANG_WARN_CONSTANT_CONVERSION = YES;
				CLANG_WARN_DEPRECATED_OBJC_IMPLEMENTATIONS = YES;
				CLANG_WARN_DIRECT_OBJC_ISA_USAGE = YES_ERROR;
				CLANG_WARN_DOCUMENTATION_COMMENTS = YES;
				CLANG_WARN_EMPTY_BODY = YES;
				CLANG_WARN_ENUM_CONVERSION = YES;
				CLANG_WARN_INFINITE_RECURSION = YES;
				CLANG_WARN_INT_CONVERSION = YES;
				CLANG_WARN_NON_LITERAL_NULL_CONVERSION = YES;
				CLANG_WARN_OBJC_IMPLICIT_RETAIN_SELF = YES;
				CLANG_WARN_OBJC_LITERAL_CONVERSION = YES;
				CLANG_WARN_OBJC_ROOT_CLASS = YES_ERROR;
				CLANG_WARN_RANGE_LOOP_ANALYSIS = YES;
				CLANG_WARN_STRICT_PROTOTYPES = YES;
				CLANG_WARN_SUSPICIOUS_MOVE = YES;
				CLANG_WARN_UNGUARDED_AVAILABILITY = YES_AGGRESSIVE;
				CLANG_WARN_UNREACHABLE_CODE = YES;
				CLANG_WARN__DUPLICATE_METHOD_MATCH = YES;
				CODE_SIGN_IDENTITY = "iPhone Developer";
				COPY_PHASE_STRIP = NO;
				DEBUG_INFORMATION_FORMAT = "dwarf-with-dsym";
				ENABLE_NS_ASSERTIONS = NO;
				ENABLE_STRICT_OBJC_MSGSEND = YES;
				GCC_C_LANGUAGE_STANDARD = gnu11;
				GCC_NO_COMMON_BLOCKS = YES;
				GCC_WARN_64_TO_32_BIT_CONVERSION = YES;
				GCC_WARN_ABOUT_RETURN_TYPE = YES_ERROR;
				GCC_WARN_UNDECLARED_SELECTOR = YES;
				GCC_WARN_UNINITIALIZED_AUTOS = YES_AGGRESSIVE;
				GCC_WARN_UNUSED_FUNCTION = YES;
				GCC_WARN_UNUSED_VARIABLE = YES;
				IPHONEOS_DEPLOYMENT_TARGET = 12.4;
				MTL_ENABLE_DEBUG_INFO = NO;
				MTL_FAST_MATH = YES;
				SDKROOT = iphoneos;
				SWIFT_COMPILATION_MODE = wholemodule;
				SWIFT_OPTIMIZATION_LEVEL = "-O";
				VALIDATE_PRODUCT = YES;
			};
			name = Release;
		};
		FAF54052235A80F600A03D13 /* Debug */ = {
			isa = XCBuildConfiguration;
			baseConfigurationReference = C98B6DF7C831E0246A1D0D0F /* Pods-Flix.debug.xcconfig */;
			buildSettings = {
				ASSETCATALOG_COMPILER_APPICON_NAME = AppIcon;
				CODE_SIGN_STYLE = Automatic;
				INFOPLIST_FILE = Flix/Info.plist;
				LD_RUNPATH_SEARCH_PATHS = (
					"$(inherited)",
					"@executable_path/Frameworks",
				);
				PRODUCT_BUNDLE_IDENTIFIER = KjamsProject.Flix;
				PRODUCT_NAME = "$(TARGET_NAME)";
				SWIFT_VERSION = 5.0;
				TARGETED_DEVICE_FAMILY = "1,2";
			};
			name = Debug;
		};
		FAF54053235A80F600A03D13 /* Release */ = {
			isa = XCBuildConfiguration;
			baseConfigurationReference = C7C774B95E253ED6AE37F82D /* Pods-Flix.release.xcconfig */;
			buildSettings = {
				ASSETCATALOG_COMPILER_APPICON_NAME = AppIcon;
				CODE_SIGN_STYLE = Automatic;
				INFOPLIST_FILE = Flix/Info.plist;
				LD_RUNPATH_SEARCH_PATHS = (
					"$(inherited)",
					"@executable_path/Frameworks",
				);
				PRODUCT_BUNDLE_IDENTIFIER = KjamsProject.Flix;
				PRODUCT_NAME = "$(TARGET_NAME)";
				SWIFT_VERSION = 5.0;
				TARGETED_DEVICE_FAMILY = "1,2";
			};
			name = Release;
		};
		FAF54055235A80F600A03D13 /* Debug */ = {
			isa = XCBuildConfiguration;
			baseConfigurationReference = C913A447820A189B8C026973 /* Pods-FlixTests.debug.xcconfig */;
			buildSettings = {
				ALWAYS_EMBED_SWIFT_STANDARD_LIBRARIES = YES;
				BUNDLE_LOADER = "$(TEST_HOST)";
				CODE_SIGN_STYLE = Automatic;
				INFOPLIST_FILE = FlixTests/Info.plist;
				LD_RUNPATH_SEARCH_PATHS = (
					"$(inherited)",
					"@executable_path/Frameworks",
					"@loader_path/Frameworks",
				);
				PRODUCT_BUNDLE_IDENTIFIER = KjamsProject.FlixTests;
				PRODUCT_NAME = "$(TARGET_NAME)";
				SWIFT_VERSION = 5.0;
				TARGETED_DEVICE_FAMILY = "1,2";
				TEST_HOST = "$(BUILT_PRODUCTS_DIR)/Flix.app/Flix";
			};
			name = Debug;
		};
		FAF54056235A80F600A03D13 /* Release */ = {
			isa = XCBuildConfiguration;
			baseConfigurationReference = A1C52EB1B1B838C27875A2AE /* Pods-FlixTests.release.xcconfig */;
			buildSettings = {
				ALWAYS_EMBED_SWIFT_STANDARD_LIBRARIES = YES;
				BUNDLE_LOADER = "$(TEST_HOST)";
				CODE_SIGN_STYLE = Automatic;
				INFOPLIST_FILE = FlixTests/Info.plist;
				LD_RUNPATH_SEARCH_PATHS = (
					"$(inherited)",
					"@executable_path/Frameworks",
					"@loader_path/Frameworks",
				);
				PRODUCT_BUNDLE_IDENTIFIER = KjamsProject.FlixTests;
				PRODUCT_NAME = "$(TARGET_NAME)";
				SWIFT_VERSION = 5.0;
				TARGETED_DEVICE_FAMILY = "1,2";
				TEST_HOST = "$(BUILT_PRODUCTS_DIR)/Flix.app/Flix";
			};
			name = Release;
		};
		FAF54058235A80F600A03D13 /* Debug */ = {
			isa = XCBuildConfiguration;
			baseConfigurationReference = 85B9BBFA3B38DEF6615C7915 /* Pods-Flix-FlixUITests.debug.xcconfig */;
			buildSettings = {
				ALWAYS_EMBED_SWIFT_STANDARD_LIBRARIES = YES;
				CODE_SIGN_STYLE = Automatic;
				INFOPLIST_FILE = FlixUITests/Info.plist;
				LD_RUNPATH_SEARCH_PATHS = (
					"$(inherited)",
					"@executable_path/Frameworks",
					"@loader_path/Frameworks",
				);
				PRODUCT_BUNDLE_IDENTIFIER = KjamsProject.FlixUITests;
				PRODUCT_NAME = "$(TARGET_NAME)";
				SWIFT_VERSION = 5.0;
				TARGETED_DEVICE_FAMILY = "1,2";
				TEST_TARGET_NAME = Flix;
			};
			name = Debug;
		};
		FAF54059235A80F600A03D13 /* Release */ = {
			isa = XCBuildConfiguration;
			baseConfigurationReference = 7C3B466193B5F4CFDC9D4DE1 /* Pods-Flix-FlixUITests.release.xcconfig */;
			buildSettings = {
				ALWAYS_EMBED_SWIFT_STANDARD_LIBRARIES = YES;
				CODE_SIGN_STYLE = Automatic;
				INFOPLIST_FILE = FlixUITests/Info.plist;
				LD_RUNPATH_SEARCH_PATHS = (
					"$(inherited)",
					"@executable_path/Frameworks",
					"@loader_path/Frameworks",
				);
				PRODUCT_BUNDLE_IDENTIFIER = KjamsProject.FlixUITests;
				PRODUCT_NAME = "$(TARGET_NAME)";
				SWIFT_VERSION = 5.0;
				TARGETED_DEVICE_FAMILY = "1,2";
				TEST_TARGET_NAME = Flix;
			};
			name = Release;
		};
/* End XCBuildConfiguration section */

/* Begin XCConfigurationList section */
		FAF54024235A80F200A03D13 /* Build configuration list for PBXProject "Flix" */ = {
			isa = XCConfigurationList;
			buildConfigurations = (
				FAF5404F235A80F600A03D13 /* Debug */,
				FAF54050235A80F600A03D13 /* Release */,
			);
			defaultConfigurationIsVisible = 0;
			defaultConfigurationName = Release;
		};
		FAF54051235A80F600A03D13 /* Build configuration list for PBXNativeTarget "Flix" */ = {
			isa = XCConfigurationList;
			buildConfigurations = (
				FAF54052235A80F600A03D13 /* Debug */,
				FAF54053235A80F600A03D13 /* Release */,
			);
			defaultConfigurationIsVisible = 0;
			defaultConfigurationName = Release;
		};
		FAF54054235A80F600A03D13 /* Build configuration list for PBXNativeTarget "FlixTests" */ = {
			isa = XCConfigurationList;
			buildConfigurations = (
				FAF54055235A80F600A03D13 /* Debug */,
				FAF54056235A80F600A03D13 /* Release */,
			);
			defaultConfigurationIsVisible = 0;
			defaultConfigurationName = Release;
		};
		FAF54057235A80F600A03D13 /* Build configuration list for PBXNativeTarget "FlixUITests" */ = {
			isa = XCConfigurationList;
			buildConfigurations = (
				FAF54058235A80F600A03D13 /* Debug */,
				FAF54059235A80F600A03D13 /* Release */,
			);
			defaultConfigurationIsVisible = 0;
			defaultConfigurationName = Release;
		};
/* End XCConfigurationList section */
	};
	rootObject = FAF54021235A80F200A03D13 /* Project object */;
}
